
Microsoft Visual Studio Solution File, Format Version 12.00
# Visual Studio 14
VisualStudioVersion = 14.0.22823.1
MinimumVisualStudioVersion = 10.0.40219.1
Project("{8BC9CEB8-8B4A-11D0-8D11-00A0C91BC942}") = "Facebook", "FBSDK-UWP\FBSDK-UWP.vcxproj", "{973A943B-FF77-4267-8F30-F5FE2B7F5583}"
EndProject
Project("{8BC9CEB8-8B4A-11D0-8D11-00A0C91BC942}") = "FBWinSDK.Shared", "..\FBWinSDK\FBWinSDK.Shared\FBWinSDK.Shared.vcxitems", "{5C0B24D0-BA5F-490A-AB3E-71265D4A0A4B}"
EndProject
Global
	GlobalSection(SharedMSBuildProjectFiles) = preSolution
		..\FBWinSDK\FBWinSDK.Shared\FBWinSDK.Shared.vcxitems*{5c0b24d0-ba5f-490a-ab3e-71265d4a0a4b}*SharedItemsImports = 9
		..\FBWinSDK\FBWinSDK.Shared\FBWinSDK.Shared.vcxitems*{973a943b-ff77-4267-8f30-f5fe2b7f5583}*SharedItemsImports = 4
	EndGlobalSection
	GlobalSection(SolutionConfigurationPlatforms) = preSolution
		Debug|ARM = Debug|ARM
		Debug|x64 = Debug|x64
		Debug|x86 = Debug|x86
		Release|ARM = Release|ARM
		Release|x64 = Release|x64
		Release|x86 = Release|x86
	EndGlobalSection
	GlobalSection(ProjectConfigurationPlatforms) = postSolution
		{973A943B-FF77-4267-8F30-F5FE2B7F5583}.Debug|ARM.ActiveCfg = Debug|ARM
		{973A943B-FF77-4267-8F30-F5FE2B7F5583}.Debug|ARM.Build.0 = Debug|ARM
		{973A943B-FF77-4267-8F30-F5FE2B7F5583}.Debug|x64.ActiveCfg = Debug|x64
		{973A943B-FF77-4267-8F30-F5FE2B7F5583}.Debug|x64.Build.0 = Debug|x64
		{973A943B-FF77-4267-8F30-F5FE2B7F5583}.Debug|x86.ActiveCfg = Debug|Win32
		{973A943B-FF77-4267-8F30-F5FE2B7F5583}.Debug|x86.Build.0 = Debug|Win32
		{973A943B-FF77-4267-8F30-F5FE2B7F5583}.Release|ARM.ActiveCfg = Release|ARM
		{973A943B-FF77-4267-8F30-F5FE2B7F5583}.Release|ARM.Build.0 = Release|ARM
		{973A943B-FF77-4267-8F30-F5FE2B7F5583}.Release|x64.ActiveCfg = Release|x64
		{973A943B-FF77-4267-8F30-F5FE2B7F5583}.Release|x64.Build.0 = Release|x64
		{973A943B-FF77-4267-8F30-F5FE2B7F5583}.Release|x86.ActiveCfg = Release|Win32
		{973A943B-FF77-4267-8F30-F5FE2B7F5583}.Release|x86.Build.0 = Release|Win32
	EndGlobalSection
	GlobalSection(SolutionProperties) = preSolution
		HideSolutionNode = FALSE
	EndGlobalSection
EndGlobal
