<?xml version="1.0" encoding="utf-8"?>
<Project ToolsVersion="14.0" xmlns="http://schemas.microsoft.com/developer/msbuild/2003">
  <ItemGroup>
    <Filter Include="Resources">
      <UniqueIdentifier>0202dd37-491a-4b84-b842-aca9db7b8d61</UniqueIdentifier>
      <Extensions>rc;ico;cur;bmp;dlg;rc2;rct;bin;rgs;gif;jpg;jpeg;jpe;resx;tga;tiff;tif;png;wav;mfcribbon-ms</Extensions>
    </Filter>
    <Filter Include="Dialogs">
      <UniqueIdentifier>{3d7a7f8c-2662-43e8-9593-92652a46de03}</UniqueIdentifier>
    </Filter>
    <Filter Include="Generated Code">
      <UniqueIdentifier>{662f35a3-9c6f-4a49-b23e-0ea3d7b9234e}</UniqueIdentifier>
    </Filter>
    <Filter Include="Header Files">
      <UniqueIdentifier>{1b587e39-e448-4c67-a7dc-90cd8d433192}</UniqueIdentifier>
    </Filter>
    <Filter Include="Object Templates">
      <UniqueIdentifier>{442bc3e4-05a9-479c-b576-4b712fd32e55}</UniqueIdentifier>
    </Filter>
    <Filter Include="Source Files">
      <UniqueIdentifier>{15e13913-38ef-4b15-9854-1e5afa5582b5}</UniqueIdentifier>
    </Filter>
    <Filter Include="Generated Code\Header Files">
      <UniqueIdentifier>{549d5c2d-18d2-46a3-ab7b-e451fb40fd56}</UniqueIdentifier>
    </Filter>
    <Filter Include="Generated Code\Source Files">
      <UniqueIdentifier>{d2f074a6-a222-4410-853b-722ee2c70a51}</UniqueIdentifier>
    </Filter>
    <Filter Include="Object Templates\Base Files">
      <UniqueIdentifier>{d287c744-2306-4fe6-bb89-07fa7293daa2}</UniqueIdentifier>
    </Filter>
    <Filter Include="Object Templates\Class Definitions">
      <UniqueIdentifier>{5a9df115-a6a4-4871-ad8f-f76d0c726555}</UniqueIdentifier>
    </Filter>
    <Filter Include="Object Templates\Header Files">
      <UniqueIdentifier>{c9ee73f3-1120-4fa2-bd17-68d832b6ff95}</UniqueIdentifier>
    </Filter>
    <Filter Include="Object Templates\Source Files">
      <UniqueIdentifier>{6b7df35f-5e18-4877-ba1b-150861b357d4}</UniqueIdentifier>
    </Filter>
    <Filter Include="Themes">
      <UniqueIdentifier>{4642795d-5580-44cc-a53f-0dc893d86348}</UniqueIdentifier>
    </Filter>
    <Filter Include="Images">
      <UniqueIdentifier>{105ff7e3-11f7-43a1-be73-c842aae47423}</UniqueIdentifier>
    </Filter>
  </ItemGroup>
  <ItemGroup>
    <ClCompile Include="..\..\FBWinSDK\FBWinSDK.Shared\FacebookAccessTokenData.cpp">
      <Filter>Source Files</Filter>
    </ClCompile>
    <ClCompile Include="..\..\FBWinSDK\FBWinSDK.Shared\FacebookAppRequest.cpp">
      <Filter>Source Files</Filter>
    </ClCompile>
    <ClCompile Include="..\..\FBWinSDK\FBWinSDK.Shared\FacebookClient.cpp">
      <Filter>Source Files</Filter>
    </ClCompile>
    <ClCompile Include="..\..\FBWinSDK\FBWinSDK.Shared\FacebookError.cpp">
      <Filter>Source Files</Filter>
    </ClCompile>
    <ClCompile Include="..\..\FBWinSDK\FBWinSDK.Shared\FacebookFeedRequest.cpp">
      <Filter>Source Files</Filter>
    </ClCompile>
    <ClCompile Include="..\..\FBWinSDK\FBWinSDK.Shared\FacebookLoginButton.cpp">
      <Filter>Source Files</Filter>
    </ClCompile>
    <ClCompile Include="..\..\FBWinSDK\FBWinSDK.Shared\FacebookMediaStream.cpp">
      <Filter>Source Files</Filter>
    </ClCompile>
    <ClCompile Include="..\..\FBWinSDK\FBWinSDK.Shared\FacebookMediaObject.cpp">
      <Filter>Source Files</Filter>
    </ClCompile>
    <ClCompile Include="..\..\FBWinSDK\FBWinSDK.Shared\FacebookSession.cpp">
      <Filter>Source Files</Filter>
    </ClCompile>
    <ClCompile Include="..\..\FBWinSDK\FBWinSDK.Shared\FacebookResult.cpp">
      <Filter>Source Files</Filter>
    </ClCompile>
    <ClCompile Include="..\..\FBWinSDK\FBWinSDK.Shared\FBSingleValue.cpp">
      <Filter>Source Files</Filter>
    </ClCompile>
    <ClCompile Include="pch.cpp">
      <Filter>Source Files</Filter>
    </ClCompile>
    <ClCompile Include="..\..\FBWinSDK\FBWinSDK.Shared\FacebookDialog.xaml.cpp" />
    <ClCompile Include="..\..\FBWinSDK\FBWinSDK.Shared\FacebookProfilePictureControl.xaml.cpp" />
    <ClCompile Include="..\..\FBWinSDK\FBWinSDK.Shared\FacebookPaginatedArray.cpp">
      <Filter>Source Files</Filter>
    </ClCompile>
    <ClCompile Include="..\..\FBWinSDK\FBWinSDK.Shared\Generated\FBCursors.cpp">
      <Filter>Generated Code\Source Files</Filter>
    </ClCompile>
    <ClCompile Include="..\..\FBWinSDK\FBWinSDK.Shared\Generated\FBGroup.cpp">
      <Filter>Generated Code\Source Files</Filter>
    </ClCompile>
    <ClCompile Include="..\..\FBWinSDK\FBWinSDK.Shared\Generated\FBPage.cpp">
      <Filter>Generated Code\Source Files</Filter>
    </ClCompile>
    <ClCompile Include="..\..\FBWinSDK\FBWinSDK.Shared\Generated\FBPageCategory.cpp">
      <Filter>Generated Code\Source Files</Filter>
    </ClCompile>
    <ClCompile Include="..\..\FBWinSDK\FBWinSDK.Shared\Generated\FBPaging.cpp">
      <Filter>Generated Code\Source Files</Filter>
    </ClCompile>
    <ClCompile Include="..\..\FBWinSDK\FBWinSDK.Shared\Generated\FBPermission.cpp">
      <Filter>Generated Code\Source Files</Filter>
    </ClCompile>
    <ClCompile Include="..\..\FBWinSDK\FBWinSDK.Shared\Generated\FBUser.cpp">
      <Filter>Generated Code\Source Files</Filter>
    </ClCompile>
    <ClCompile Include="..\..\FBWinSDK\FBWinSDK.Shared\ColorLuminosityConverter.cpp">
      <Filter>Source Files</Filter>
    </ClCompile>
    <ClCompile Include="..\..\FBWinSDK\FBWinSDK.Shared\HlsColor.cpp">
      <Filter>Source Files</Filter>
    </ClCompile>
    <ClCompile Include="..\..\FBWinSDK\FBWinSDK.Shared\ScaleConverter.cpp">
      <Filter>Source Files</Filter>
    </ClCompile>
    <ClCompile Include="..\..\FBWinSDK\FBWinSDK.Shared\FacebookPermissions.cpp">
      <Filter>Source Files</Filter>
    <ClCompile Include="..\..\FBWinSDK\FBWinSDK.Shared\Generated\FBAppRequest.cpp">
      <Filter>Generated Code\Source Files</Filter>
    </ClCompile>
    <ClCompile Include="..\..\FBWinSDK\FBWinSDK.Shared\Generated\FBProfilePicture.cpp">
      <Filter>Generated Code\Source Files</Filter>
    </ClCompile>
    <ClCompile Include="..\..\FBWinSDK\FBWinSDK.Shared\Generated\FBProfilePictureData.cpp">
      <Filter>Generated Code\Source Files</Filter>
    </ClCompile>
  </ItemGroup>
  <ItemGroup>
    <ClInclude Include="..\..\FBWinSDK\FBWinSDK.Shared\FacebookAccessTokenData.h">
      <Filter>Header Files</Filter>
    </ClInclude>
    <ClInclude Include="..\..\FBWinSDK\FBWinSDK.Shared\FacebookAppRequest.h">
      <Filter>Header Files</Filter>
    </ClInclude>
    <ClInclude Include="..\..\FBWinSDK\FBWinSDK.Shared\FacebookClient.h">
      <Filter>Header Files</Filter>
    </ClInclude>
    <ClInclude Include="..\..\FBWinSDK\FBWinSDK.Shared\FacebookError.h">
      <Filter>Header Files</Filter>
    </ClInclude>
    <ClInclude Include="..\..\FBWinSDK\FBWinSDK.Shared\FacebookFeedRequest.h">
      <Filter>Header Files</Filter>
    </ClInclude>
    <ClInclude Include="..\..\FBWinSDK\FBWinSDK.Shared\FacebookLoginButton.h">
      <Filter>Header Files</Filter>
    </ClInclude>
    <ClInclude Include="..\..\FBWinSDK\FBWinSDK.Shared\FacebookMediaObject.h">
      <Filter>Header Files</Filter>
    </ClInclude>
    <ClInclude Include="..\..\FBWinSDK\FBWinSDK.Shared\FacebookMediaStream.h">
      <Filter>Header Files</Filter>
    </ClInclude>
    <ClInclude Include="..\..\FBWinSDK\FBWinSDK.Shared\FacebookResult.h">
      <Filter>Header Files</Filter>
    </ClInclude>
    <ClInclude Include="..\..\FBWinSDK\FBWinSDK.Shared\FacebookSession.h">
      <Filter>Header Files</Filter>
    </ClInclude>
    <ClInclude Include="..\..\FBWinSDK\FBWinSDK.Shared\HttpMethod.h">
      <Filter>Header Files</Filter>
    </ClInclude>
    <ClInclude Include="..\..\FBWinSDK\FBWinSDK.Shared\JsonClassFactory.h">
      <Filter>Header Files</Filter>
    </ClInclude>
    <ClInclude Include="pch.h">
      <Filter>Header Files</Filter>
    </ClInclude>
    <ClInclude Include="..\..\FBWinSDK\FBWinSDK.Shared\SDKMessage.h">
      <Filter>Header Files</Filter>
    </ClInclude>
    <ClInclude Include="..\..\FBWinSDK\FBWinSDK.Shared\FacebookDialog.xaml.h" />
    <ClInclude Include="..\..\FBWinSDK\FBWinSDK.Shared\FacebookProfilePictureControl.xaml.h" />
    <ClInclude Include="..\..\FBWinSDK\FBWinSDK.Shared\FBSingleValue.h">
      <Filter>Header Files</Filter>
    </ClInclude>
    <ClInclude Include="..\..\FBWinSDK\FBWinSDK.Shared\FacebookPaginatedArray.h">
      <Filter>Header Files</Filter>
    </ClInclude>
    <ClInclude Include="..\..\FBWinSDK\FBWinSDK.Shared\Generated\FBCursors.h">
      <Filter>Generated Code\Header Files</Filter>
    </ClInclude>
    <ClInclude Include="..\..\FBWinSDK\FBWinSDK.Shared\Generated\FBGroup.h">
      <Filter>Generated Code\Header Files</Filter>
    </ClInclude>
    <ClInclude Include="..\..\FBWinSDK\FBWinSDK.Shared\Generated\FBPage.h">
      <Filter>Generated Code\Header Files</Filter>
    </ClInclude>
    <ClInclude Include="..\..\FBWinSDK\FBWinSDK.Shared\Generated\FBPageCategory.h">
      <Filter>Generated Code\Header Files</Filter>
    </ClInclude>
    <ClInclude Include="..\..\FBWinSDK\FBWinSDK.Shared\Generated\FBPaging.h">
      <Filter>Generated Code\Header Files</Filter>
    </ClInclude>
    <ClInclude Include="..\..\FBWinSDK\FBWinSDK.Shared\Generated\FBPermission.h">
      <Filter>Generated Code\Header Files</Filter>
    </ClInclude>
    <ClInclude Include="..\..\FBWinSDK\FBWinSDK.Shared\Generated\FBUser.h">
      <Filter>Generated Code\Header Files</Filter>
    </ClInclude>
    <ClInclude Include="..\..\FBWinSDK\FBWinSDK.Shared\ColorLuminosityConverter.h">
      <Filter>Header Files</Filter>
    </ClInclude>
    <ClInclude Include="..\..\FBWinSDK\FBWinSDK.Shared\HlsColor.h">
      <Filter>Header Files</Filter>
    </ClInclude>
    <ClInclude Include="..\..\FBWinSDK\FBWinSDK.Shared\ScaleConverter.h">
      <Filter>Header Files</Filter>
    </ClInclude>
    <ClInclude Include="..\..\FBWinSDK\FBWinSDK.Shared\FacebookPermissions.h">
      <Filter>Header Files</Filter>
    <ClInclude Include="..\..\FBWinSDK\FBWinSDK.Shared\Generated\FBAppRequest.h">
      <Filter>Generated Code\Header Files</Filter>
    </ClInclude>
    <ClInclude Include="..\..\FBWinSDK\FBWinSDK.Shared\Generated\FBProfilePicture.h">
      <Filter>Generated Code\Header Files</Filter>
    </ClInclude>
    <ClInclude Include="..\..\FBWinSDK\FBWinSDK.Shared\Generated\FBProfilePictureData.h">
      <Filter>Generated Code\Header Files</Filter>
    </ClInclude>
  </ItemGroup>
  <ItemGroup>
    <Page Include="..\..\FBWinSDK\FBWinSDK.Shared\FacebookProfilePictureControl.xaml" />
    <Page Include="..\..\FBWinSDK\FBWinSDK.Shared\FacebookDialog.xaml">
      <Filter>Dialogs</Filter>
    </Page>
    <Page Include="..\..\FBWinSDK\FBWinSDK.Shared\Themes\Generic.xaml">
      <Filter>Themes</Filter>
    </Page>
    <Page Include="..\..\FBWinSDK\FBWinSDK.Shared\Themes\Styles.xaml">
      <Filter>Themes</Filter>
    </Page>
    <Page Include="..\..\FBWinSDK\FBWinSDK.Shared\Controls\FacebookLoginButton.xaml" />
  </ItemGroup>
  <ItemGroup>
    <None Include="..\..\FBWinSDK\FBWinSDK.Shared\FBGraphObjectHeader.ttinclude">
      <Filter>Object Templates\Base Files</Filter>
    </None>
    <None Include="..\..\FBWinSDK\FBWinSDK.Shared\FBGraphObjectImplementation.ttinclude">
      <Filter>Object Templates\Base Files</Filter>
    </None>
    <None Include="..\..\FBWinSDK\FBWinSDK.Shared\Utility.ttinclude">
      <Filter>Object Templates\Base Files</Filter>
    </None>
    <None Include="..\..\FBWinSDK\FBWinSDK.Shared\FBCursors.h.tt">
      <Filter>Object Templates\Header Files</Filter>
    </None>
    <None Include="..\..\FBWinSDK\FBWinSDK.Shared\FBGroup.h.tt">
      <Filter>Object Templates\Header Files</Filter>
    </None>
    <None Include="..\..\FBWinSDK\FBWinSDK.Shared\FBPage.h.tt">
      <Filter>Object Templates\Header Files</Filter>
    </None>
    <None Include="..\..\FBWinSDK\FBWinSDK.Shared\FBPageCategory.h.tt">
      <Filter>Object Templates\Header Files</Filter>
    </None>
    <None Include="..\..\FBWinSDK\FBWinSDK.Shared\FBPaging.h.tt">
      <Filter>Object Templates\Header Files</Filter>
    </None>
    <None Include="..\..\FBWinSDK\FBWinSDK.Shared\FBPermission.h.tt">
      <Filter>Object Templates\Header Files</Filter>
    </None>
    <None Include="..\..\FBWinSDK\FBWinSDK.Shared\FBUser.h.tt">
      <Filter>Object Templates\Header Files</Filter>
    </None>
    <None Include="..\..\FBWinSDK\FBWinSDK.Shared\FBCursors.cpp.tt">
      <Filter>Object Templates\Source Files</Filter>
    </None>
    <None Include="..\..\FBWinSDK\FBWinSDK.Shared\FBGroup.cpp.tt">
      <Filter>Object Templates\Source Files</Filter>
    </None>
    <None Include="..\..\FBWinSDK\FBWinSDK.Shared\FBPage.cpp.tt">
      <Filter>Object Templates\Source Files</Filter>
    </None>
    <None Include="..\..\FBWinSDK\FBWinSDK.Shared\FBPageCategory.cpp.tt">
      <Filter>Object Templates\Source Files</Filter>
    </None>
    <None Include="..\..\FBWinSDK\FBWinSDK.Shared\FBPaging.cpp.tt">
      <Filter>Object Templates\Source Files</Filter>
    </None>
    <None Include="..\..\FBWinSDK\FBWinSDK.Shared\FBPermission.cpp.tt">
      <Filter>Object Templates\Source Files</Filter>
    </None>
    <None Include="..\..\FBWinSDK\FBWinSDK.Shared\FBUser.cpp.tt">
      <Filter>Object Templates\Source Files</Filter>
    </None>
    <None Include="..\..\FBWinSDK\FBWinSDK.Shared\FBAppRequest.h.tt">
      <Filter>Object Templates\Header Files</Filter>
    </None>
    <None Include="..\..\FBWinSDK\FBWinSDK.Shared\FBProfilePicture.h.tt">
      <Filter>Object Templates\Header Files</Filter>
    </None>
    <None Include="..\..\FBWinSDK\FBWinSDK.Shared\FBProfilePictureData.h.tt">
      <Filter>Object Templates\Header Files</Filter>
    </None>
    <None Include="..\..\FBWinSDK\FBWinSDK.Shared\FBAppRequest.cpp.tt">
      <Filter>Object Templates\Source Files</Filter>
    </None>
    <None Include="..\..\FBWinSDK\FBWinSDK.Shared\FBProfilePicture.cpp.tt">
      <Filter>Object Templates\Source Files</Filter>
    </None>
    <None Include="..\..\FBWinSDK\FBWinSDK.Shared\FBProfilePictureData.cpp.tt">
      <Filter>Object Templates\Source Files</Filter>
    </None>
  </ItemGroup>
  <ItemGroup>
    <Xml Include="..\..\FBWinSDK\FBWinSDK.Shared\FacebookPage.xml">
      <Filter>Object Templates\Class Definitions</Filter>
    </Xml>
    <Xml Include="..\..\FBWinSDK\FBWinSDK.Shared\FacebookPageCategory.xml">
      <Filter>Object Templates\Class Definitions</Filter>
    </Xml>
    <Xml Include="..\..\FBWinSDK\FBWinSDK.Shared\FBCursors.xml">
      <Filter>Object Templates\Class Definitions</Filter>
    </Xml>
    <Xml Include="..\..\FBWinSDK\FBWinSDK.Shared\FBGroup.xml">
      <Filter>Object Templates\Class Definitions</Filter>
    </Xml>
    <Xml Include="..\..\FBWinSDK\FBWinSDK.Shared\FBPaging.xml">
      <Filter>Object Templates\Class Definitions</Filter>
    </Xml>
    <Xml Include="..\..\FBWinSDK\FBWinSDK.Shared\FBPermission.xml">
      <Filter>Object Templates\Class Definitions</Filter>
    </Xml>
    <Xml Include="..\..\FBWinSDK\FBWinSDK.Shared\FBUser.xml">
      <Filter>Object Templates\Class Definitions</Filter>
    </Xml>
    <Xml Include="..\..\FBWinSDK\FBWinSDK.Shared\FBAppRequest.xml">
      <Filter>Object Templates\Class Definitions</Filter>
    </Xml>
    <Xml Include="..\..\FBWinSDK\FBWinSDK.Shared\FBProfilePicture.xml">
      <Filter>Object Templates\Class Definitions</Filter>
    </Xml>
    <Xml Include="..\..\FBWinSDK\FBWinSDK.Shared\FBProfilePictureData.xml">
      <Filter>Object Templates\Class Definitions</Filter>
    </Xml>
  </ItemGroup>
  <ItemGroup>
    <Image Include="..\..\FBWinSDK\FBWinSDK.Shared\Images\fb_blank_profile_portrait.png">
      <Filter>Images</Filter>
    </Image>
  </ItemGroup>
</Project>
