<?xml version="1.0" encoding="utf-8"?>
<Project ToolsVersion="14.0" xmlns="http://schemas.microsoft.com/developer/msbuild/2003">
  <ItemGroup>
    <Filter Include="Common">
      <UniqueIdentifier>351701a8-12d1-45b3-8e6a-164d796b0297</UniqueIdentifier>
    </Filter>
    <Filter Include="Assets">
      <UniqueIdentifier>04563c64-d9c2-413c-a3d9-52b334f3955a</UniqueIdentifier>
      <Extensions>bmp;fbx;gif;jpg;jpeg;tga;tiff;tif;png</Extensions>
    </Filter>
    <Image Include="Assets\Logo.scale-100.png">
      <Filter>Assets</Filter>
    </Image>
    <Image Include="Assets\SmallLogo.scale-100.png">
      <Filter>Assets</Filter>
    </Image>
    <Image Include="Assets\StoreLogo.scale-100.png">
      <Filter>Assets</Filter>
    </Image>
    <Image Include="Assets\SplashScreen.scale-100.png">
      <Filter>Assets</Filter>
    </Image>
  </ItemGroup>
  <ItemGroup>
    <ApplicationDefinition Include="App.xaml" />
  </ItemGroup>
  <ItemGroup>
    <ClCompile Include="App.xaml.cpp" />
    <ClCompile Include="MainPage.xaml.cpp" />
    <ClCompile Include="pch.cpp" />
    <ClCompile Include="Common\NavigationHelper.cpp" />
    <ClCompile Include="Common\RelayCommand.cpp" />
    <ClCompile Include="Common\SuspensionManager.cpp" />
    <ClCompile Include="FBPageBindable.cpp" />
    <ClCompile Include="UserInfo.xaml.cpp" />
    <ClCompile Include="UserLikes.xaml.cpp" />
    <ClCompile Include="OptionsPage.xaml.cpp" />
    <ClCompile Include="Dialogs.xaml.cpp" />
  </ItemGroup>
  <ItemGroup>
    <ClInclude Include="pch.h" />
    <ClInclude Include="App.xaml.h" />
    <ClInclude Include="MainPage.xaml.h" />
    <ClInclude Include="Common\NavigationHelper.h" />
    <ClInclude Include="Common\RelayCommand.h" />
    <ClInclude Include="Common\SuspensionManager.h" />
    <ClInclude Include="FBPageBindable.h" />
    <ClInclude Include="UserInfo.xaml.h" />
    <ClInclude Include="UserLikes.xaml.h" />
    <ClInclude Include="OptionsPage.xaml.h" />
    <ClInclude Include="Dialogs.xaml.h" />
  </ItemGroup>
  <ItemGroup>
    <Image Include="Assets\WideLogo.scale-100.png">
      <Filter>Assets</Filter>
    </Image>
  </ItemGroup>
  <ItemGroup>
    <AppxManifest Include="Package.appxmanifest" />
  </ItemGroup>
  <ItemGroup>
    <None Include="LoginCpp_TemporaryKey.pfx" />
    <None Include="packages.config" />
  </ItemGroup>
  <ItemGroup>
    <Page Include="MainPage.xaml" />
    <Page Include="UserInfo.xaml" />
    <Page Include="UserLikes.xaml" />
    <Page Include="OptionsPage.xaml" />
    <Page Include="Dialogs.xaml" />
  </ItemGroup>
  <ItemGroup>
    <PRIResource Include="Resources.resw" />
  </ItemGroup>
</Project>